
Microsoft Visual Studio Solution File, Format Version 12.00
# Visual Studio 15
VisualStudioVersion = 15.0.26124.0
MinimumVisualStudioVersion = 15.0.26124.0
Project("{2150E333-8FDC-42A3-9474-1A3956D46DE8}") = "BlazorServer", "BlazorServer", "{686CCD72-1136-4DF0-8A59-8152047845C7}"
EndProject
Project("{FAE04EC0-301F-11D3-BF4B-00C04F79EFBC}") = "BlazorServer.App", "src\BlazorServer\BlazorServer.App\BlazorServer.App.csproj", "{201D2AA9-02FE-431E-AA74-15867920E4BB}"
EndProject
Project("{FAE04EC0-301F-11D3-BF4B-00C04F79EFBC}") = "BlazorServer.Common", "src\BlazorServer\BlazorServer.Common\BlazorServer.Common.csproj", "{93486516-0852-4633-9B99-070ACC00D716}"
EndProject
Project("{FAE04EC0-301F-11D3-BF4B-00C04F79EFBC}") = "BlazorServer.DataAccess", "src\BlazorServer\BlazorServer.DataAccess\BlazorServer.DataAccess.csproj", "{97E6494A-9759-4B6F-B8AE-EB9A18FED434}"
EndProject
Project("{FAE04EC0-301F-11D3-BF4B-00C04F79EFBC}") = "BlazorServer.Entities", "src\BlazorServer\BlazorServer.Entities\BlazorServer.Entities.csproj", "{E3D0FEE9-4EFF-4517-BCC2-4A2614EE81AE}"
EndProject
Project("{FAE04EC0-301F-11D3-BF4B-00C04F79EFBC}") = "BlazorServer.Models", "src\BlazorServer\BlazorServer.Models\BlazorServer.Models.csproj", "{BAA336DB-C029-4D4B-8B69-7EFB359514C1}"
EndProject
Project("{FAE04EC0-301F-11D3-BF4B-00C04F79EFBC}") = "BlazorServer.Services", "src\BlazorServer\BlazorServer.Services\BlazorServer.Services.csproj", "{8DE5D0A8-B84C-4960-96DD-474F0B659486}"
EndProject
Project("{FAE04EC0-301F-11D3-BF4B-00C04F79EFBC}") = "BlazorServer.Models.Mappings", "src\BlazorServer\BlazorServer.Models.Mappings\BlazorServer.Models.Mappings.csproj", "{C6355EA2-E517-4895-8308-ECD845407D91}"
EndProject
Project("{2150E333-8FDC-42A3-9474-1A3956D46DE8}") = "BlazorWasm", "BlazorWasm", "{DB0546CC-32E7-4AE0-A1B7-4FC5D2B8C895}"
EndProject
Project("{FAE04EC0-301F-11D3-BF4B-00C04F79EFBC}") = "BlazorWasm.WebApi", "src\BlazorWasm\BlazorWasm.WebApi\BlazorWasm.WebApi.csproj", "{B7A8D3D6-CDB6-43C8-BA83-B7319317A109}"
EndProject
Project("{FAE04EC0-301F-11D3-BF4B-00C04F79EFBC}") = "BlazorWasm.Client", "src\BlazorWasm\BlazorWasm.Client\BlazorWasm.Client.csproj", "{BC59FE7A-E903-474C-8E25-3F7EB9C3CEAB}"
EndProject
Global
	GlobalSection(SolutionConfigurationPlatforms) = preSolution
		Debug|Any CPU = Debug|Any CPU
		Debug|x64 = Debug|x64
		Debug|x86 = Debug|x86
		Release|Any CPU = Release|Any CPU
		Release|x64 = Release|x64
		Release|x86 = Release|x86
	EndGlobalSection
	GlobalSection(SolutionProperties) = preSolution
		HideSolutionNode = FALSE
	EndGlobalSection
	GlobalSection(ProjectConfigurationPlatforms) = postSolution
		{201D2AA9-02FE-431E-AA74-15867920E4BB}.Debug|Any CPU.ActiveCfg = Debug|Any CPU
		{201D2AA9-02FE-431E-AA74-15867920E4BB}.Debug|Any CPU.Build.0 = Debug|Any CPU
		{201D2AA9-02FE-431E-AA74-15867920E4BB}.Debug|x64.ActiveCfg = Debug|Any CPU
		{201D2AA9-02FE-431E-AA74-15867920E4BB}.Debug|x64.Build.0 = Debug|Any CPU
		{201D2AA9-02FE-431E-AA74-15867920E4BB}.Debug|x86.ActiveCfg = Debug|Any CPU
		{201D2AA9-02FE-431E-AA74-15867920E4BB}.Debug|x86.Build.0 = Debug|Any CPU
		{201D2AA9-02FE-431E-AA74-15867920E4BB}.Release|Any CPU.ActiveCfg = Release|Any CPU
		{201D2AA9-02FE-431E-AA74-15867920E4BB}.Release|Any CPU.Build.0 = Release|Any CPU
		{201D2AA9-02FE-431E-AA74-15867920E4BB}.Release|x64.ActiveCfg = Release|Any CPU
		{201D2AA9-02FE-431E-AA74-15867920E4BB}.Release|x64.Build.0 = Release|Any CPU
		{201D2AA9-02FE-431E-AA74-15867920E4BB}.Release|x86.ActiveCfg = Release|Any CPU
		{201D2AA9-02FE-431E-AA74-15867920E4BB}.Release|x86.Build.0 = Release|Any CPU
		{93486516-0852-4633-9B99-070ACC00D716}.Debug|Any CPU.ActiveCfg = Debug|Any CPU
		{93486516-0852-4633-9B99-070ACC00D716}.Debug|Any CPU.Build.0 = Debug|Any CPU
		{93486516-0852-4633-9B99-070ACC00D716}.Debug|x64.ActiveCfg = Debug|Any CPU
		{93486516-0852-4633-9B99-070ACC00D716}.Debug|x64.Build.0 = Debug|Any CPU
		{93486516-0852-4633-9B99-070ACC00D716}.Debug|x86.ActiveCfg = Debug|Any CPU
		{93486516-0852-4633-9B99-070ACC00D716}.Debug|x86.Build.0 = Debug|Any CPU
		{93486516-0852-4633-9B99-070ACC00D716}.Release|Any CPU.ActiveCfg = Release|Any CPU
		{93486516-0852-4633-9B99-070ACC00D716}.Release|Any CPU.Build.0 = Release|Any CPU
		{93486516-0852-4633-9B99-070ACC00D716}.Release|x64.ActiveCfg = Release|Any CPU
		{93486516-0852-4633-9B99-070ACC00D716}.Release|x64.Build.0 = Release|Any CPU
		{93486516-0852-4633-9B99-070ACC00D716}.Release|x86.ActiveCfg = Release|Any CPU
		{93486516-0852-4633-9B99-070ACC00D716}.Release|x86.Build.0 = Release|Any CPU
		{97E6494A-9759-4B6F-B8AE-EB9A18FED434}.Debug|Any CPU.ActiveCfg = Debug|Any CPU
		{97E6494A-9759-4B6F-B8AE-EB9A18FED434}.Debug|Any CPU.Build.0 = Debug|Any CPU
		{97E6494A-9759-4B6F-B8AE-EB9A18FED434}.Debug|x64.ActiveCfg = Debug|Any CPU
		{97E6494A-9759-4B6F-B8AE-EB9A18FED434}.Debug|x64.Build.0 = Debug|Any CPU
		{97E6494A-9759-4B6F-B8AE-EB9A18FED434}.Debug|x86.ActiveCfg = Debug|Any CPU
		{97E6494A-9759-4B6F-B8AE-EB9A18FED434}.Debug|x86.Build.0 = Debug|Any CPU
		{97E6494A-9759-4B6F-B8AE-EB9A18FED434}.Release|Any CPU.ActiveCfg = Release|Any CPU
		{97E6494A-9759-4B6F-B8AE-EB9A18FED434}.Release|Any CPU.Build.0 = Release|Any CPU
		{97E6494A-9759-4B6F-B8AE-EB9A18FED434}.Release|x64.ActiveCfg = Release|Any CPU
		{97E6494A-9759-4B6F-B8AE-EB9A18FED434}.Release|x64.Build.0 = Release|Any CPU
		{97E6494A-9759-4B6F-B8AE-EB9A18FED434}.Release|x86.ActiveCfg = Release|Any CPU
		{97E6494A-9759-4B6F-B8AE-EB9A18FED434}.Release|x86.Build.0 = Release|Any CPU
		{E3D0FEE9-4EFF-4517-BCC2-4A2614EE81AE}.Debug|Any CPU.ActiveCfg = Debug|Any CPU
		{E3D0FEE9-4EFF-4517-BCC2-4A2614EE81AE}.Debug|Any CPU.Build.0 = Debug|Any CPU
		{E3D0FEE9-4EFF-4517-BCC2-4A2614EE81AE}.Debug|x64.ActiveCfg = Debug|Any CPU
		{E3D0FEE9-4EFF-4517-BCC2-4A2614EE81AE}.Debug|x64.Build.0 = Debug|Any CPU
		{E3D0FEE9-4EFF-4517-BCC2-4A2614EE81AE}.Debug|x86.ActiveCfg = Debug|Any CPU
		{E3D0FEE9-4EFF-4517-BCC2-4A2614EE81AE}.Debug|x86.Build.0 = Debug|Any CPU
		{E3D0FEE9-4EFF-4517-BCC2-4A2614EE81AE}.Release|Any CPU.ActiveCfg = Release|Any CPU
		{E3D0FEE9-4EFF-4517-BCC2-4A2614EE81AE}.Release|Any CPU.Build.0 = Release|Any CPU
		{E3D0FEE9-4EFF-4517-BCC2-4A2614EE81AE}.Release|x64.ActiveCfg = Release|Any CPU
		{E3D0FEE9-4EFF-4517-BCC2-4A2614EE81AE}.Release|x64.Build.0 = Release|Any CPU
		{E3D0FEE9-4EFF-4517-BCC2-4A2614EE81AE}.Release|x86.ActiveCfg = Release|Any CPU
		{E3D0FEE9-4EFF-4517-BCC2-4A2614EE81AE}.Release|x86.Build.0 = Release|Any CPU
		{BAA336DB-C029-4D4B-8B69-7EFB359514C1}.Debug|Any CPU.ActiveCfg = Debug|Any CPU
		{BAA336DB-C029-4D4B-8B69-7EFB359514C1}.Debug|Any CPU.Build.0 = Debug|Any CPU
		{BAA336DB-C029-4D4B-8B69-7EFB359514C1}.Debug|x64.ActiveCfg = Debug|Any CPU
		{BAA336DB-C029-4D4B-8B69-7EFB359514C1}.Debug|x64.Build.0 = Debug|Any CPU
		{BAA336DB-C029-4D4B-8B69-7EFB359514C1}.Debug|x86.ActiveCfg = Debug|Any CPU
		{BAA336DB-C029-4D4B-8B69-7EFB359514C1}.Debug|x86.Build.0 = Debug|Any CPU
		{BAA336DB-C029-4D4B-8B69-7EFB359514C1}.Release|Any CPU.ActiveCfg = Release|Any CPU
		{BAA336DB-C029-4D4B-8B69-7EFB359514C1}.Release|Any CPU.Build.0 = Release|Any CPU
		{BAA336DB-C029-4D4B-8B69-7EFB359514C1}.Release|x64.ActiveCfg = Release|Any CPU
		{BAA336DB-C029-4D4B-8B69-7EFB359514C1}.Release|x64.Build.0 = Release|Any CPU
		{BAA336DB-C029-4D4B-8B69-7EFB359514C1}.Release|x86.ActiveCfg = Release|Any CPU
		{BAA336DB-C029-4D4B-8B69-7EFB359514C1}.Release|x86.Build.0 = Release|Any CPU
		{8DE5D0A8-B84C-4960-96DD-474F0B659486}.Debug|Any CPU.ActiveCfg = Debug|Any CPU
		{8DE5D0A8-B84C-4960-96DD-474F0B659486}.Debug|Any CPU.Build.0 = Debug|Any CPU
		{8DE5D0A8-B84C-4960-96DD-474F0B659486}.Debug|x64.ActiveCfg = Debug|Any CPU
		{8DE5D0A8-B84C-4960-96DD-474F0B659486}.Debug|x64.Build.0 = Debug|Any CPU
		{8DE5D0A8-B84C-4960-96DD-474F0B659486}.Debug|x86.ActiveCfg = Debug|Any CPU
		{8DE5D0A8-B84C-4960-96DD-474F0B659486}.Debug|x86.Build.0 = Debug|Any CPU
		{8DE5D0A8-B84C-4960-96DD-474F0B659486}.Release|Any CPU.ActiveCfg = Release|Any CPU
		{8DE5D0A8-B84C-4960-96DD-474F0B659486}.Release|Any CPU.Build.0 = Release|Any CPU
		{8DE5D0A8-B84C-4960-96DD-474F0B659486}.Release|x64.ActiveCfg = Release|Any CPU
		{8DE5D0A8-B84C-4960-96DD-474F0B659486}.Release|x64.Build.0 = Release|Any CPU
		{8DE5D0A8-B84C-4960-96DD-474F0B659486}.Release|x86.ActiveCfg = Release|Any CPU
		{8DE5D0A8-B84C-4960-96DD-474F0B659486}.Release|x86.Build.0 = Release|Any CPU
		{C6355EA2-E517-4895-8308-ECD845407D91}.Debug|Any CPU.ActiveCfg = Debug|Any CPU
		{C6355EA2-E517-4895-8308-ECD845407D91}.Debug|Any CPU.Build.0 = Debug|Any CPU
		{C6355EA2-E517-4895-8308-ECD845407D91}.Debug|x64.ActiveCfg = Debug|Any CPU
		{C6355EA2-E517-4895-8308-ECD845407D91}.Debug|x64.Build.0 = Debug|Any CPU
		{C6355EA2-E517-4895-8308-ECD845407D91}.Debug|x86.ActiveCfg = Debug|Any CPU
		{C6355EA2-E517-4895-8308-ECD845407D91}.Debug|x86.Build.0 = Debug|Any CPU
		{C6355EA2-E517-4895-8308-ECD845407D91}.Release|Any CPU.ActiveCfg = Release|Any CPU
		{C6355EA2-E517-4895-8308-ECD845407D91}.Release|Any CPU.Build.0 = Release|Any CPU
		{C6355EA2-E517-4895-8308-ECD845407D91}.Release|x64.ActiveCfg = Release|Any CPU
		{C6355EA2-E517-4895-8308-ECD845407D91}.Release|x64.Build.0 = Release|Any CPU
		{C6355EA2-E517-4895-8308-ECD845407D91}.Release|x86.ActiveCfg = Release|Any CPU
		{C6355EA2-E517-4895-8308-ECD845407D91}.Release|x86.Build.0 = Release|Any CPU
		{B7A8D3D6-CDB6-43C8-BA83-B7319317A109}.Debug|Any CPU.ActiveCfg = Debug|Any CPU
		{B7A8D3D6-CDB6-43C8-BA83-B7319317A109}.Debug|Any CPU.Build.0 = Debug|Any CPU
		{B7A8D3D6-CDB6-43C8-BA83-B7319317A109}.Debug|x64.ActiveCfg = Debug|Any CPU
		{B7A8D3D6-CDB6-43C8-BA83-B7319317A109}.Debug|x64.Build.0 = Debug|Any CPU
		{B7A8D3D6-CDB6-43C8-BA83-B7319317A109}.Debug|x86.ActiveCfg = Debug|Any CPU
		{B7A8D3D6-CDB6-43C8-BA83-B7319317A109}.Debug|x86.Build.0 = Debug|Any CPU
		{B7A8D3D6-CDB6-43C8-BA83-B7319317A109}.Release|Any CPU.ActiveCfg = Release|Any CPU
		{B7A8D3D6-CDB6-43C8-BA83-B7319317A109}.Release|Any CPU.Build.0 = Release|Any CPU
		{B7A8D3D6-CDB6-43C8-BA83-B7319317A109}.Release|x64.ActiveCfg = Release|Any CPU
		{B7A8D3D6-CDB6-43C8-BA83-B7319317A109}.Release|x64.Build.0 = Release|Any CPU
		{B7A8D3D6-CDB6-43C8-BA83-B7319317A109}.Release|x86.ActiveCfg = Release|Any CPU
		{B7A8D3D6-CDB6-43C8-BA83-B7319317A109}.Release|x86.Build.0 = Release|Any CPU
		{BC59FE7A-E903-474C-8E25-3F7EB9C3CEAB}.Debug|Any CPU.ActiveCfg = Debug|Any CPU
		{BC59FE7A-E903-474C-8E25-3F7EB9C3CEAB}.Debug|Any CPU.Build.0 = Debug|Any CPU
		{BC59FE7A-E903-474C-8E25-3F7EB9C3CEAB}.Debug|x64.ActiveCfg = Debug|Any CPU
		{BC59FE7A-E903-474C-8E25-3F7EB9C3CEAB}.Debug|x64.Build.0 = Debug|Any CPU
		{BC59FE7A-E903-474C-8E25-3F7EB9C3CEAB}.Debug|x86.ActiveCfg = Debug|Any CPU
		{BC59FE7A-E903-474C-8E25-3F7EB9C3CEAB}.Debug|x86.Build.0 = Debug|Any CPU
		{BC59FE7A-E903-474C-8E25-3F7EB9C3CEAB}.Release|Any CPU.ActiveCfg = Release|Any CPU
		{BC59FE7A-E903-474C-8E25-3F7EB9C3CEAB}.Release|Any CPU.Build.0 = Release|Any CPU
		{BC59FE7A-E903-474C-8E25-3F7EB9C3CEAB}.Release|x64.ActiveCfg = Release|Any CPU
		{BC59FE7A-E903-474C-8E25-3F7EB9C3CEAB}.Release|x64.Build.0 = Release|Any CPU
		{BC59FE7A-E903-474C-8E25-3F7EB9C3CEAB}.Release|x86.ActiveCfg = Release|Any CPU
		{BC59FE7A-E903-474C-8E25-3F7EB9C3CEAB}.Release|x86.Build.0 = Release|Any CPU
	EndGlobalSection
	GlobalSection(NestedProjects) = preSolution
		{201D2AA9-02FE-431E-AA74-15867920E4BB} = {686CCD72-1136-4DF0-8A59-8152047845C7}
		{93486516-0852-4633-9B99-070ACC00D716} = {686CCD72-1136-4DF0-8A59-8152047845C7}
		{97E6494A-9759-4B6F-B8AE-EB9A18FED434} = {686CCD72-1136-4DF0-8A59-8152047845C7}
		{E3D0FEE9-4EFF-4517-BCC2-4A2614EE81AE} = {686CCD72-1136-4DF0-8A59-8152047845C7}
		{BAA336DB-C029-4D4B-8B69-7EFB359514C1} = {686CCD72-1136-4DF0-8A59-8152047845C7}
		{8DE5D0A8-B84C-4960-96DD-474F0B659486} = {686CCD72-1136-4DF0-8A59-8152047845C7}
		{C6355EA2-E517-4895-8308-ECD845407D91} = {686CCD72-1136-4DF0-8A59-8152047845C7}
		{B7A8D3D6-CDB6-43C8-BA83-B7319317A109} = {DB0546CC-32E7-4AE0-A1B7-4FC5D2B8C895}
		{BC59FE7A-E903-474C-8E25-3F7EB9C3CEAB} = {DB0546CC-32E7-4AE0-A1B7-4FC5D2B8C895}
	EndGlobalSection
EndGlobal
